
Microsoft Visual Studio Solution File, Format Version 12.00
# Visual Studio Version 17
VisualStudioVersion = 17.8.34511.84
MinimumVisualStudioVersion = 10.0.40219.1
Project("{8BC9CEB8-8B4A-11D0-8D11-00A0C91BC942}") = "BOJ_1652", "BOJ_1652.vcxproj", "{BEF43E74-3030-4CCA-A0AD-1612E2DA6AFA}"
EndProject
Global
	GlobalSection(SolutionConfigurationPlatforms) = preSolution
		Debug|x64 = Debug|x64
		Release|x64 = Release|x64
	EndGlobalSection
	GlobalSection(ProjectConfigurationPlatforms) = postSolution
		{BEF43E74-3030-4CCA-A0AD-1612E2DA6AFA}.Debug|x64.ActiveCfg = Debug|x64
		{BEF43E74-3030-4CCA-A0AD-1612E2DA6AFA}.Debug|x64.Build.0 = Debug|x64
		{BEF43E74-3030-4CCA-A0AD-1612E2DA6AFA}.Release|x64.ActiveCfg = Release|x64
		{BEF43E74-3030-4CCA-A0AD-1612E2DA6AFA}.Release|x64.Build.0 = Release|x64
	EndGlobalSection
	GlobalSection(SolutionProperties) = preSolution
		HideSolutionNode = FALSE
	EndGlobalSection
	GlobalSection(ExtensibilityGlobals) = postSolution
		SolutionGuid = {B1090657-1A5D-40C7-BFC9-B85F38B331AE}
	EndGlobalSection
EndGlobal
